<?xml version="1.0" encoding="utf-8"?>
<Project ToolsVersion="4.0" xmlns="http://schemas.microsoft.com/developer/msbuild/2003">
  <ItemGroup>
    <Filter Include="Source Files">
      <UniqueIdentifier>{4FC737F1-C7A5-4376-A066-2A32D752A2FF}</UniqueIdentifier>
      <Extensions>cpp;c;cc;cxx;c++;cppm;ixx;def;odl;idl;hpj;bat;asm;asmx</Extensions>
    </Filter>
    <Filter Include="Header Files">
      <UniqueIdentifier>{93995380-89BD-4b04-88EB-625FBE52EBFB}</UniqueIdentifier>
      <Extensions>h;hh;hpp;hxx;h++;hm;inl;inc;ipp;xsd</Extensions>
    </Filter>
    <Filter Include="Resource Files">
      <UniqueIdentifier>{67DA6AB6-F800-4c08-8B7A-83BB121AAD01}</UniqueIdentifier>
      <Extensions>rc;ico;cur;bmp;dlg;rc2;rct;bin;rgs;gif;jpg;jpeg;jpe;resx;tiff;tif;png;wav;mfcribbon-ms</Extensions>
    </Filter>
    <Filter Include="Header Files\SearchContext">
      <UniqueIdentifier>{fe4df698-008a-473c-a278-e1293efae67b}</UniqueIdentifier>
    </Filter>
    <Filter Include="Header Files\SearchContext\SearchCancellationPolicies">
      <UniqueIdentifier>{45747f32-d1a1-4d60-a6bc-81bb87024597}</UniqueIdentifier>
    </Filter>
    <Filter Include="Header Files\IncrementalUpdater">
      <UniqueIdentifier>{5b004387-05e9-43d8-8de8-b7dbe987c292}</UniqueIdentifier>
    </Filter>
  </ItemGroup>
  <ItemGroup>
    <ClCompile Include="nina-chess.cpp">
      <Filter>Source Files</Filter>
    </ClCompile>
    <ClCompile Include="position.cpp">
      <Filter>Source Files</Filter>
    </ClCompile>
    <ClCompile Include="test_main.cpp">
      <Filter>Source Files</Filter>
    </ClCompile>
    <ClCompile Include="bench_main.cpp">
      <Filter>Source Files</Filter>
    </ClCompile>
    <ClCompile Include="search.cpp">
      <Filter>Source Files</Filter>
    </ClCompile>
    <ClCompile Include="transposition_table.cpp">
      <Filter>Source Files</Filter>
    </ClCompile>
    <ClCompile Include="uci.cpp">
      <Filter>Source Files</Filter>
    </ClCompile>
  </ItemGroup>
  <ItemGroup>
    <ClInclude Include="position.h">
      <Filter>Header Files</Filter>
    </ClInclude>
    <ClInclude Include="bitmasks.h">
      <Filter>Header Files</Filter>
    </ClInclude>
    <ClInclude Include="attacks.h">
      <Filter>Header Files</Filter>
    </ClInclude>
    <ClInclude Include="move_gen.h">
      <Filter>Header Files</Filter>
    </ClInclude>
    <ClInclude Include="perft.h">
      <Filter>Header Files</Filter>
    </ClInclude>
    <ClInclude Include="utils.h">
      <Filter>Header Files</Filter>
    </ClInclude>
    <ClInclude Include="targets.h">
      <Filter>Header Files</Filter>
    </ClInclude>
    <ClInclude Include="side.h">
      <Filter>Header Files</Filter>
    </ClInclude>
    <ClInclude Include="evaluator.h">
      <Filter>Header Files</Filter>
    </ClInclude>
    <ClInclude Include="search.h">
      <Filter>Header Files</Filter>
    </ClInclude>
    <ClInclude Include="move_list.h">
      <Filter>Header Files</Filter>
    </ClInclude>
    <ClInclude Include="move.h">
      <Filter>Header Files</Filter>
    </ClInclude>
    <ClInclude Include="transposition_table.h">
      <Filter>Header Files</Filter>
    </ClInclude>
    <ClInclude Include="position_stack.h">
      <Filter>Header Files</Filter>
    </ClInclude>
    <ClInclude Include="zobrist.h">
      <Filter>Header Files</Filter>
    </ClInclude>
    <ClInclude Include="uci.h">
      <Filter>Header Files</Filter>
    </ClInclude>
    <ClInclude Include="accumulator.h">
      <Filter>Header Files</Filter>
    </ClInclude>
    <ClInclude Include="psqt.h">
      <Filter>Header Files</Filter>
    </ClInclude>
    <ClInclude Include="weights.h">
      <Filter>Header Files</Filter>
    </ClInclude>
    <ClInclude Include="simd.h">
      <Filter>Header Files</Filter>
    </ClInclude>
    <ClInclude Include="avx2_utils.h">
      <Filter>Header Files</Filter>
    </ClInclude>
    <ClInclude Include="chess_bitboard_feature_iterator.h">
      <Filter>Header Files</Filter>
    </ClInclude>
    <ClInclude Include="board_features.h">
      <Filter>Header Files</Filter>
    </ClInclude>
    <ClInclude Include="serializable.h">
      <Filter>Header Files</Filter>
    </ClInclude>
    <ClInclude Include="search_constraints.h">
      <Filter>Header Files</Filter>
    </ClInclude>
    <ClInclude Include="search_nodes_cancellation_policy.h">
      <Filter>Header Files\SearchContext\SearchCancellationPolicies</Filter>
    </ClInclude>
    <ClInclude Include="search_time_cancellation_policy.h">
      <Filter>Header Files\SearchContext\SearchCancellationPolicies</Filter>
    </ClInclude>
    <ClInclude Include="search_cancellation_policy.h">
      <Filter>Header Files\SearchContext\SearchCancellationPolicies</Filter>
    </ClInclude>
    <ClInclude Include="shared_search_context.h">
      <Filter>Header Files\SearchContext</Filter>
    </ClInclude>
    <ClInclude Include="individual_search_context.h">
      <Filter>Header Files\SearchContext</Filter>
    </ClInclude>
    <ClInclude Include="uci_incremental_updater.h">
      <Filter>Header Files\IncrementalUpdater</Filter>
    </ClInclude>
    <ClInclude Include="search_incremental_updater.h">
      <Filter>Header Files\IncrementalUpdater</Filter>
    </ClInclude>
    <ClInclude Include="common_incremental_updater.h">
      <Filter>Header Files\IncrementalUpdater</Filter>
    </ClInclude>
  </ItemGroup>
  <ItemGroup>
    <None Include="position.inl">
      <Filter>Source Files</Filter>
    </None>
    <None Include="position_stack.inl">
      <Filter>Source Files</Filter>
    </None>
    <None Include="evaluator.inl">
      <Filter>Source Files</Filter>
    </None>
    <None Include="cpp.hint" />
    <None Include="accumulator.inl">
      <Filter>Source Files</Filter>
    </None>
    <None Include="psqt.inl">
      <Filter>Source Files</Filter>
    </None>
  </ItemGroup>
</Project>